
Microsoft Visual Studio Solution File, Format Version 12.00
Project("{FAE04EC0-301F-11D3-BF4B-00C04F79EFBC}") = "Romi.Standard", "Romi.Standard\Romi.Standard.csproj", "{FFED2704-C5CC-4FA3-8609-9757FCF00D43}"
EndProject
Project("{FAE04EC0-301F-11D3-BF4B-00C04F79EFBC}") = "Romi.Standard.IO", "Romi.Standard.IO\Romi.Standard.IO.csproj", "{C0D2A9E4-8D52-48B3-B758-841AF3BD6ECC}"
EndProject
Project("{FAE04EC0-301F-11D3-BF4B-00C04F79EFBC}") = "Romi.Standard.Sockets", "Romi.Standard.Sockets\Romi.Standard.Sockets.csproj", "{4E9EFC42-5CD3-4FFB-8FA6-99E23CCD45D0}"
EndProject
Global
	GlobalSection(SolutionConfigurationPlatforms) = preSolution
		Debug|Any CPU = Debug|Any CPU
		Release|Any CPU = Release|Any CPU
	EndGlobalSection
	GlobalSection(ProjectConfigurationPlatforms) = postSolution
		{FFED2704-C5CC-4FA3-8609-9757FCF00D43}.Debug|Any CPU.ActiveCfg = Debug|Any CPU
		{FFED2704-C5CC-4FA3-8609-9757FCF00D43}.Debug|Any CPU.Build.0 = Debug|Any CPU
		{FFED2704-C5CC-4FA3-8609-9757FCF00D43}.Release|Any CPU.ActiveCfg = Release|Any CPU
		{FFED2704-C5CC-4FA3-8609-9757FCF00D43}.Release|Any CPU.Build.0 = Release|Any CPU
		{C0D2A9E4-8D52-48B3-B758-841AF3BD6ECC}.Debug|Any CPU.ActiveCfg = Debug|Any CPU
		{C0D2A9E4-8D52-48B3-B758-841AF3BD6ECC}.Debug|Any CPU.Build.0 = Debug|Any CPU
		{C0D2A9E4-8D52-48B3-B758-841AF3BD6ECC}.Release|Any CPU.ActiveCfg = Release|Any CPU
		{C0D2A9E4-8D52-48B3-B758-841AF3BD6ECC}.Release|Any CPU.Build.0 = Release|Any CPU
		{4E9EFC42-5CD3-4FFB-8FA6-99E23CCD45D0}.Debug|Any CPU.ActiveCfg = Debug|Any CPU
		{4E9EFC42-5CD3-4FFB-8FA6-99E23CCD45D0}.Debug|Any CPU.Build.0 = Debug|Any CPU
		{4E9EFC42-5CD3-4FFB-8FA6-99E23CCD45D0}.Release|Any CPU.ActiveCfg = Release|Any CPU
		{4E9EFC42-5CD3-4FFB-8FA6-99E23CCD45D0}.Release|Any CPU.Build.0 = Release|Any CPU
	EndGlobalSection
EndGlobal
